
Microsoft Visual Studio Solution File, Format Version 12.00
# Visual Studio Version 17
VisualStudioVersion = 17.7.34009.444
MinimumVisualStudioVersion = 10.0.40219.1
Project("{FAE04EC0-301F-11D3-BF4B-00C04F79EFBC}") = "School_Management_System", "School_Management_System\School_Management_System.csproj", "{7168EDA9-6A2F-42E1-93FA-9763D0A2E8F8}"
EndProject
Global
	GlobalSection(SolutionConfigurationPlatforms) = preSolution
		Debug|Any CPU = Debug|Any CPU
		Release|Any CPU = Release|Any CPU
	EndGlobalSection
	GlobalSection(ProjectConfigurationPlatforms) = postSolution
		{7168EDA9-6A2F-42E1-93FA-9763D0A2E8F8}.Debug|Any CPU.ActiveCfg = Debug|Any CPU
		{7168EDA9-6A2F-42E1-93FA-9763D0A2E8F8}.Debug|Any CPU.Build.0 = Debug|Any CPU
		{7168EDA9-6A2F-42E1-93FA-9763D0A2E8F8}.Release|Any CPU.ActiveCfg = Release|Any CPU
		{7168EDA9-6A2F-42E1-93FA-9763D0A2E8F8}.Release|Any CPU.Build.0 = Release|Any CPU
	EndGlobalSection
	GlobalSection(SolutionProperties) = preSolution
		HideSolutionNode = FALSE
	EndGlobalSection
	GlobalSection(ExtensibilityGlobals) = postSolution
		SolutionGuid = {BFEF807C-6EF3-49B9-AE6A-88C0E9AA2849}
	EndGlobalSection
EndGlobal
